// !$*UTF8*$!
{
	archiveVersion = 1;
	classes = {
	};
	objectVersion = 56;
	objects = {

/* Begin PBXBuildFile section */
		D176588B2C66455E0076B1E0 /* MeetingData.swift in Sources */ = {isa = PBXBuildFile; fileRef = D176588A2C66455E0076B1E0 /* MeetingData.swift */; };
		D1B003442C25CE7F0020A5F0 /* ClientAppApp.swift in Sources */ = {isa = PBXBuildFile; fileRef = D1B003432C25CE7F0020A5F0 /* ClientAppApp.swift */; };
		D1B003462C25CE7F0020A5F0 /* ContentView.swift in Sources */ = {isa = PBXBuildFile; fileRef = D1B003452C25CE7F0020A5F0 /* ContentView.swift */; };
		D1B003482C25CE800020A5F0 /* Assets.xcassets in Resources */ = {isa = PBXBuildFile; fileRef = D1B003472C25CE800020A5F0 /* Assets.xcassets */; };
		D1B0034B2C25CE800020A5F0 /* Preview Assets.xcassets in Resources */ = {isa = PBXBuildFile; fileRef = D1B0034A2C25CE800020A5F0 /* Preview Assets.xcassets */; };
		D1B003552C25CE800020A5F0 /* ClientAppTests.swift in Sources */ = {isa = PBXBuildFile; fileRef = D1B003542C25CE800020A5F0 /* ClientAppTests.swift */; };
		D1B0035F2C25CE800020A5F0 /* ClientAppUITests.swift in Sources */ = {isa = PBXBuildFile; fileRef = D1B0035E2C25CE800020A5F0 /* ClientAppUITests.swift */; };
		D1B003612C25CE800020A5F0 /* ClientAppUITestsLaunchTests.swift in Sources */ = {isa = PBXBuildFile; fileRef = D1B003602C25CE800020A5F0 /* ClientAppUITestsLaunchTests.swift */; };
		D1B0036E2C25E98E0020A5F0 /* MonthData.swift in Sources */ = {isa = PBXBuildFile; fileRef = D1B0036D2C25E98E0020A5F0 /* MonthData.swift */; };
/* End PBXBuildFile section */

/* Begin PBXContainerItemProxy section */
		D1B003512C25CE800020A5F0 /* PBXContainerItemProxy */ = {
			isa = PBXContainerItemProxy;
			containerPortal = D1B003382C25CE7F0020A5F0 /* Project object */;
			proxyType = 1;
			remoteGlobalIDString = D1B0033F2C25CE7F0020A5F0;
			remoteInfo = ClientApp;
		};
		D1B0035B2C25CE800020A5F0 /* PBXContainerItemProxy */ = {
			isa = PBXContainerItemProxy;
			containerPortal = D1B003382C25CE7F0020A5F0 /* Project object */;
			proxyType = 1;
			remoteGlobalIDString = D1B0033F2C25CE7F0020A5F0;
			remoteInfo = ClientApp;
		};
/* End PBXContainerItemProxy section */

/* Begin PBXFileReference section */
		D176588A2C66455E0076B1E0 /* MeetingData.swift */ = {isa = PBXFileReference; lastKnownFileType = sourcecode.swift; path = MeetingData.swift; sourceTree = "<group>"; };
		D1B003402C25CE7F0020A5F0 /* ClientApp.app */ = {isa = PBXFileReference; explicitFileType = wrapper.application; includeInIndex = 0; path = ClientApp.app; sourceTree = BUILT_PRODUCTS_DIR; };
		D1B003432C25CE7F0020A5F0 /* ClientAppApp.swift */ = {isa = PBXFileReference; lastKnownFileType = sourcecode.swift; path = ClientAppApp.swift; sourceTree = "<group>"; };
		D1B003452C25CE7F0020A5F0 /* ContentView.swift */ = {isa = PBXFileReference; lastKnownFileType = sourcecode.swift; path = ContentView.swift; sourceTree = "<group>"; };
		D1B003472C25CE800020A5F0 /* Assets.xcassets */ = {isa = PBXFileReference; lastKnownFileType = folder.assetcatalog; path = Assets.xcassets; sourceTree = "<group>"; };
		D1B0034A2C25CE800020A5F0 /* Preview Assets.xcassets */ = {isa = PBXFileReference; lastKnownFileType = folder.assetcatalog; path = "Preview Assets.xcassets"; sourceTree = "<group>"; };
		D1B003502C25CE800020A5F0 /* ClientAppTests.xctest */ = {isa = PBXFileReference; explicitFileType = wrapper.cfbundle; includeInIndex = 0; path = ClientAppTests.xctest; sourceTree = BUILT_PRODUCTS_DIR; };
		D1B003542C25CE800020A5F0 /* ClientAppTests.swift */ = {isa = PBXFileReference; lastKnownFileType = sourcecode.swift; path = ClientAppTests.swift; sourceTree = "<group>"; };
		D1B0035A2C25CE800020A5F0 /* ClientAppUITests.xctest */ = {isa = PBXFileReference; explicitFileType = wrapper.cfbundle; includeInIndex = 0; path = ClientAppUITests.xctest; sourceTree = BUILT_PRODUCTS_DIR; };
		D1B0035E2C25CE800020A5F0 /* ClientAppUITests.swift */ = {isa = PBXFileReference; lastKnownFileType = sourcecode.swift; path = ClientAppUITests.swift; sourceTree = "<group>"; };
		D1B003602C25CE800020A5F0 /* ClientAppUITestsLaunchTests.swift */ = {isa = PBXFileReference; lastKnownFileType = sourcecode.swift; path = ClientAppUITestsLaunchTests.swift; sourceTree = "<group>"; };
		D1B0036D2C25E98E0020A5F0 /* MonthData.swift */ = {isa = PBXFileReference; lastKnownFileType = sourcecode.swift; path = MonthData.swift; sourceTree = "<group>"; };
/* End PBXFileReference section */

/* Begin PBXFrameworksBuildPhase section */
		D1B0033D2C25CE7F0020A5F0 /* Frameworks */ = {
			isa = PBXFrameworksBuildPhase;
			buildActionMask = 2147483647;
			files = (
			);
			runOnlyForDeploymentPostprocessing = 0;
		};
		D1B0034D2C25CE800020A5F0 /* Frameworks */ = {
			isa = PBXFrameworksBuildPhase;
			buildActionMask = 2147483647;
			files = (
			);
			runOnlyForDeploymentPostprocessing = 0;
		};
		D1B003572C25CE800020A5F0 /* Frameworks */ = {
			isa = PBXFrameworksBuildPhase;
			buildActionMask = 2147483647;
			files = (
			);
			runOnlyForDeploymentPostprocessing = 0;
		};
/* End PBXFrameworksBuildPhase section */

/* Begin PBXGroup section */
		D1B003372C25CE7F0020A5F0 = {
			isa = PBXGroup;
			children = (
				D1B003422C25CE7F0020A5F0 /* ClientApp */,
				D1B003532C25CE800020A5F0 /* ClientAppTests */,
				D1B0035D2C25CE800020A5F0 /* ClientAppUITests */,
				D1B003412C25CE7F0020A5F0 /* Products */,
			);
			sourceTree = "<group>";
		};
		D1B003412C25CE7F0020A5F0 /* Products */ = {
			isa = PBXGroup;
			children = (
				D1B003402C25CE7F0020A5F0 /* ClientApp.app */,
				D1B003502C25CE800020A5F0 /* ClientAppTests.xctest */,
				D1B0035A2C25CE800020A5F0 /* ClientAppUITests.xctest */,
			);
			name = Products;
			sourceTree = "<group>";
		};
		D1B003422C25CE7F0020A5F0 /* ClientApp */ = {
			isa = PBXGroup;
			children = (
				D1B003432C25CE7F0020A5F0 /* ClientAppApp.swift */,
				D1B003452C25CE7F0020A5F0 /* ContentView.swift */,
				D1B003472C25CE800020A5F0 /* Assets.xcassets */,
				D1B003492C25CE800020A5F0 /* Preview Content */,
				D1B0036D2C25E98E0020A5F0 /* MonthData.swift */,
				D176588A2C66455E0076B1E0 /* MeetingData.swift */,
			);
			path = ClientApp;
			sourceTree = "<group>";
		};
		D1B003492C25CE800020A5F0 /* Preview Content */ = {
			isa = PBXGroup;
			children = (
				D1B0034A2C25CE800020A5F0 /* Preview Assets.xcassets */,
			);
			path = "Preview Content";
			sourceTree = "<group>";
		};
		D1B003532C25CE800020A5F0 /* ClientAppTests */ = {
			isa = PBXGroup;
			children = (
				D1B003542C25CE800020A5F0 /* ClientAppTests.swift */,
			);
			path = ClientAppTests;
			sourceTree = "<group>";
		};
		D1B0035D2C25CE800020A5F0 /* ClientAppUITests */ = {
			isa = PBXGroup;
			children = (
				D1B0035E2C25CE800020A5F0 /* ClientAppUITests.swift */,
				D1B003602C25CE800020A5F0 /* ClientAppUITestsLaunchTests.swift */,
			);
			path = ClientAppUITests;
			sourceTree = "<group>";
		};
/* End PBXGroup section */

/* Begin PBXNativeTarget section */
		D1B0033F2C25CE7F0020A5F0 /* ClientApp */ = {
			isa = PBXNativeTarget;
			buildConfigurationList = D1B003642C25CE800020A5F0 /* Build configuration list for PBXNativeTarget "ClientApp" */;
			buildPhases = (
				D1B0033C2C25CE7F0020A5F0 /* Sources */,
				D1B0033D2C25CE7F0020A5F0 /* Frameworks */,
				D1B0033E2C25CE7F0020A5F0 /* Resources */,
			);
			buildRules = (
			);
			dependencies = (
			);
			name = ClientApp;
			productName = ClientApp;
			productReference = D1B003402C25CE7F0020A5F0 /* ClientApp.app */;
			productType = "com.apple.product-type.application";
		};
		D1B0034F2C25CE800020A5F0 /* ClientAppTests */ = {
			isa = PBXNativeTarget;
			buildConfigurationList = D1B003672C25CE800020A5F0 /* Build configuration list for PBXNativeTarget "ClientAppTests" */;
			buildPhases = (
				D1B0034C2C25CE800020A5F0 /* Sources */,
				D1B0034D2C25CE800020A5F0 /* Frameworks */,
				D1B0034E2C25CE800020A5F0 /* Resources */,
			);
			buildRules = (
			);
			dependencies = (
				D1B003522C25CE800020A5F0 /* PBXTargetDependency */,
			);
			name = ClientAppTests;
			productName = ClientAppTests;
			productReference = D1B003502C25CE800020A5F0 /* ClientAppTests.xctest */;
			productType = "com.apple.product-type.bundle.unit-test";
		};
		D1B003592C25CE800020A5F0 /* ClientAppUITests */ = {
			isa = PBXNativeTarget;
			buildConfigurationList = D1B0036A2C25CE800020A5F0 /* Build configuration list for PBXNativeTarget "ClientAppUITests" */;
			buildPhases = (
				D1B003562C25CE800020A5F0 /* Sources */,
				D1B003572C25CE800020A5F0 /* Frameworks */,
				D1B003582C25CE800020A5F0 /* Resources */,
			);
			buildRules = (
			);
			dependencies = (
				D1B0035C2C25CE800020A5F0 /* PBXTargetDependency */,
			);
			name = ClientAppUITests;
			productName = ClientAppUITests;
			productReference = D1B0035A2C25CE800020A5F0 /* ClientAppUITests.xctest */;
			productType = "com.apple.product-type.bundle.ui-testing";
		};
/* End PBXNativeTarget section */

/* Begin PBXProject section */
		D1B003382C25CE7F0020A5F0 /* Project object */ = {
			isa = PBXProject;
			attributes = {
				BuildIndependentTargetsInParallel = 1;
				LastSwiftUpdateCheck = 1500;
				LastUpgradeCheck = 1500;
				TargetAttributes = {
					D1B0033F2C25CE7F0020A5F0 = {
						CreatedOnToolsVersion = 15.0;
					};
					D1B0034F2C25CE800020A5F0 = {
						CreatedOnToolsVersion = 15.0;
						TestTargetID = D1B0033F2C25CE7F0020A5F0;
					};
					D1B003592C25CE800020A5F0 = {
						CreatedOnToolsVersion = 15.0;
						TestTargetID = D1B0033F2C25CE7F0020A5F0;
					};
				};
			};
			buildConfigurationList = D1B0033B2C25CE7F0020A5F0 /* Build configuration list for PBXProject "ClientApp" */;
			compatibilityVersion = "Xcode 14.0";
			developmentRegion = en;
			hasScannedForEncodings = 0;
			knownRegions = (
				en,
				Base,
			);
			mainGroup = D1B003372C25CE7F0020A5F0;
			productRefGroup = D1B003412C25CE7F0020A5F0 /* Products */;
			projectDirPath = "";
			projectRoot = "";
			targets = (
				D1B0033F2C25CE7F0020A5F0 /* ClientApp */,
				D1B0034F2C25CE800020A5F0 /* ClientAppTests */,
				D1B003592C25CE800020A5F0 /* ClientAppUITests */,
			);
		};
/* End PBXProject section */

/* Begin PBXResourcesBuildPhase section */
		D1B0033E2C25CE7F0020A5F0 /* Resources */ = {
			isa = PBXResourcesBuildPhase;
			buildActionMask = 2147483647;
			files = (
				D1B0034B2C25CE800020A5F0 /* Preview Assets.xcassets in Resources */,
				D1B003482C25CE800020A5F0 /* Assets.xcassets in Resources */,
			);
			runOnlyForDeploymentPostprocessing = 0;
		};
		D1B0034E2C25CE800020A5F0 /* Resources */ = {
			isa = PBXResourcesBuildPhase;
			buildActionMask = 2147483647;
			files = (
			);
			runOnlyForDeploymentPostprocessing = 0;
		};
		D1B003582C25CE800020A5F0 /* Resources */ = {
			isa = PBXResourcesBuildPhase;
			buildActionMask = 2147483647;
			files = (
			);
			runOnlyForDeploymentPostprocessing = 0;
		};
/* End PBXResourcesBuildPhase section */

/* Begin PBXSourcesBuildPhase section */
		D1B0033C2C25CE7F0020A5F0 /* Sources */ = {
			isa = PBXSourcesBuildPhase;
			buildActionMask = 2147483647;
			files = (
				D1B0036E2C25E98E0020A5F0 /* MonthData.swift in Sources */,
				D1B003462C25CE7F0020A5F0 /* ContentView.swift in Sources */,
				D1B003442C25CE7F0020A5F0 /* ClientAppApp.swift in Sources */,
				D176588B2C66455E0076B1E0 /* MeetingData.swift in Sources */,
			);
			runOnlyForDeploymentPostprocessing = 0;
		};
		D1B0034C2C25CE800020A5F0 /* Sources */ = {
			isa = PBXSourcesBuildPhase;
			buildActionMask = 2147483647;
			files = (
				D1B003552C25CE800020A5F0 /* ClientAppTests.swift in Sources */,
			);
			runOnlyForDeploymentPostprocessing = 0;
		};
		D1B003562C25CE800020A5F0 /* Sources */ = {
			isa = PBXSourcesBuildPhase;
			buildActionMask = 2147483647;
			files = (
				D1B0035F2C25CE800020A5F0 /* ClientAppUITests.swift in Sources */,
				D1B003612C25CE800020A5F0 /* ClientAppUITestsLaunchTests.swift in Sources */,
			);
			runOnlyForDeploymentPostprocessing = 0;
		};
/* End PBXSourcesBuildPhase section */

/* Begin PBXTargetDependency section */
		D1B003522C25CE800020A5F0 /* PBXTargetDependency */ = {
			isa = PBXTargetDependency;
			target = D1B0033F2C25CE7F0020A5F0 /* ClientApp */;
			targetProxy = D1B003512C25CE800020A5F0 /* PBXContainerItemProxy */;
		};
		D1B0035C2C25CE800020A5F0 /* PBXTargetDependency */ = {
			isa = PBXTargetDependency;
			target = D1B0033F2C25CE7F0020A5F0 /* ClientApp */;
			targetProxy = D1B0035B2C25CE800020A5F0 /* PBXContainerItemProxy */;
		};
/* End PBXTargetDependency section */

/* Begin XCBuildConfiguration section */
		D1B003622C25CE800020A5F0 /* Debug */ = {
			isa = XCBuildConfiguration;
			buildSettings = {
				ALWAYS_SEARCH_USER_PATHS = NO;
				ASSETCATALOG_COMPILER_GENERATE_SWIFT_ASSET_SYMBOL_EXTENSIONS = YES;
				CLANG_ANALYZER_NONNULL = YES;
				CLANG_ANALYZER_NUMBER_OBJECT_CONVERSION = YES_AGGRESSIVE;
				CLANG_CXX_LANGUAGE_STANDARD = "gnu++20";
				CLANG_ENABLE_MODULES = YES;
				CLANG_ENABLE_OBJC_ARC = YES;
				CLANG_ENABLE_OBJC_WEAK = YES;
				CLANG_WARN_BLOCK_CAPTURE_AUTORELEASING = YES;
				CLANG_WARN_BOOL_CONVERSION = YES;
				CLANG_WARN_COMMA = YES;
				CLANG_WARN_CONSTANT_CONVERSION = YES;
				CLANG_WARN_DEPRECATED_OBJC_IMPLEMENTATIONS = YES;
				CLANG_WARN_DIRECT_OBJC_ISA_USAGE = YES_ERROR;
				CLANG_WARN_DOCUMENTATION_COMMENTS = YES;
				CLANG_WARN_EMPTY_BODY = YES;
				CLANG_WARN_ENUM_CONVERSION = YES;
				CLANG_WARN_INFINITE_RECURSION = YES;
				CLANG_WARN_INT_CONVERSION = YES;
				CLANG_WARN_NON_LITERAL_NULL_CONVERSION = YES;
				CLANG_WARN_OBJC_IMPLICIT_RETAIN_SELF = YES;
				CLANG_WARN_OBJC_LITERAL_CONVERSION = YES;
				CLANG_WARN_OBJC_ROOT_CLASS = YES_ERROR;
				CLANG_WARN_QUOTED_INCLUDE_IN_FRAMEWORK_HEADER = YES;
				CLANG_WARN_RANGE_LOOP_ANALYSIS = YES;
				CLANG_WARN_STRICT_PROTOTYPES = YES;
				CLANG_WARN_SUSPICIOUS_MOVE = YES;
				CLANG_WARN_UNGUARDED_AVAILABILITY = YES_AGGRESSIVE;
				CLANG_WARN_UNREACHABLE_CODE = YES;
				CLANG_WARN__DUPLICATE_METHOD_MATCH = YES;
				COPY_PHASE_STRIP = NO;
				DEBUG_INFORMATION_FORMAT = dwarf;
				ENABLE_STRICT_OBJC_MSGSEND = YES;
				ENABLE_TESTABILITY = YES;
				ENABLE_USER_SCRIPT_SANDBOXING = YES;
				GCC_C_LANGUAGE_STANDARD = gnu17;
				GCC_DYNAMIC_NO_PIC = NO;
				GCC_NO_COMMON_BLOCKS = YES;
				GCC_OPTIMIZATION_LEVEL = 0;
				GCC_PREPROCESSOR_DEFINITIONS = (
					"DEBUG=1",
					"$(inherited)",
				);
				GCC_WARN_64_TO_32_BIT_CONVERSION = YES;
				GCC_WARN_ABOUT_RETURN_TYPE = YES_ERROR;
				GCC_WARN_UNDECLARED_SELECTOR = YES;
				GCC_WARN_UNINITIALIZED_AUTOS = YES_AGGRESSIVE;
				GCC_WARN_UNUSED_FUNCTION = YES;
				GCC_WARN_UNUSED_VARIABLE = YES;
				IPHONEOS_DEPLOYMENT_TARGET = 17.0;
				LOCALIZATION_PREFERS_STRING_CATALOGS = YES;
				MTL_ENABLE_DEBUG_INFO = INCLUDE_SOURCE;
				MTL_FAST_MATH = YES;
				ONLY_ACTIVE_ARCH = YES;
				SDKROOT = iphoneos;
				SWIFT_ACTIVE_COMPILATION_CONDITIONS = "DEBUG $(inherited)";
				SWIFT_OPTIMIZATION_LEVEL = "-Onone";
			};
			name = Debug;
		};
		D1B003632C25CE800020A5F0 /* Release */ = {
			isa = XCBuildConfiguration;
			buildSettings = {
				ALWAYS_SEARCH_USER_PATHS = NO;
				ASSETCATALOG_COMPILER_GENERATE_SWIFT_ASSET_SYMBOL_EXTENSIONS = YES;
				CLANG_ANALYZER_NONNULL = YES;
				CLANG_ANALYZER_NUMBER_OBJECT_CONVERSION = YES_AGGRESSIVE;
				CLANG_CXX_LANGUAGE_STANDARD = "gnu++20";
				CLANG_ENABLE_MODULES = YES;
				CLANG_ENABLE_OBJC_ARC = YES;
				CLANG_ENABLE_OBJC_WEAK = YES;
				CLANG_WARN_BLOCK_CAPTURE_AUTORELEASING = YES;
				CLANG_WARN_BOOL_CONVERSION = YES;
				CLANG_WARN_COMMA = YES;
				CLANG_WARN_CONSTANT_CONVERSION = YES;
				CLANG_WARN_DEPRECATED_OBJC_IMPLEMENTATIONS = YES;
				CLANG_WARN_DIRECT_OBJC_ISA_USAGE = YES_ERROR;
				CLANG_WARN_DOCUMENTATION_COMMENTS = YES;
				CLANG_WARN_EMPTY_BODY = YES;
				CLANG_WARN_ENUM_CONVERSION = YES;
				CLANG_WARN_INFINITE_RECURSION = YES;
				CLANG_WARN_INT_CONVERSION = YES;
				CLANG_WARN_NON_LITERAL_NULL_CONVERSION = YES;
				CLANG_WARN_OBJC_IMPLICIT_RETAIN_SELF = YES;
				CLANG_WARN_OBJC_LITERAL_CONVERSION = YES;
				CLANG_WARN_OBJC_ROOT_CLASS = YES_ERROR;
				CLANG_WARN_QUOTED_INCLUDE_IN_FRAMEWORK_HEADER = YES;
				CLANG_WARN_RANGE_LOOP_ANALYSIS = YES;
				CLANG_WARN_STRICT_PROTOTYPES = YES;
				CLANG_WARN_SUSPICIOUS_MOVE = YES;
				CLANG_WARN_UNGUARDED_AVAILABILITY = YES_AGGRESSIVE;
				CLANG_WARN_UNREACHABLE_CODE = YES;
				CLANG_WARN__DUPLICATE_METHOD_MATCH = YES;
				COPY_PHASE_STRIP = NO;
				DEBUG_INFORMATION_FORMAT = "dwarf-with-dsym";
				ENABLE_NS_ASSERTIONS = NO;
				ENABLE_STRICT_OBJC_MSGSEND = YES;
				ENABLE_USER_SCRIPT_SANDBOXING = YES;
				GCC_C_LANGUAGE_STANDARD = gnu17;
				GCC_NO_COMMON_BLOCKS = YES;
				GCC_WARN_64_TO_32_BIT_CONVERSION = YES;
				GCC_WARN_ABOUT_RETURN_TYPE = YES_ERROR;
				GCC_WARN_UNDECLARED_SELECTOR = YES;
				GCC_WARN_UNINITIALIZED_AUTOS = YES_AGGRESSIVE;
				GCC_WARN_UNUSED_FUNCTION = YES;
				GCC_WARN_UNUSED_VARIABLE = YES;
				IPHONEOS_DEPLOYMENT_TARGET = 17.0;
				LOCALIZATION_PREFERS_STRING_CATALOGS = YES;
				MTL_ENABLE_DEBUG_INFO = NO;
				MTL_FAST_MATH = YES;
				SDKROOT = iphoneos;
				SWIFT_COMPILATION_MODE = wholemodule;
				VALIDATE_PRODUCT = YES;
			};
			name = Release;
		};
		D1B003652C25CE800020A5F0 /* Debug */ = {
			isa = XCBuildConfiguration;
			buildSettings = {
				ASSETCATALOG_COMPILER_APPICON_NAME = AppIcon;
				ASSETCATALOG_COMPILER_GLOBAL_ACCENT_COLOR_NAME = AccentColor;
				CODE_SIGN_STYLE = Automatic;
				CURRENT_PROJECT_VERSION = 1;
				DEVELOPMENT_ASSET_PATHS = "\"ClientApp/Preview Content\"";
				DEVELOPMENT_TEAM = 7TRT9VUFUT;
				ENABLE_PREVIEWS = YES;
				GENERATE_INFOPLIST_FILE = YES;
				INFOPLIST_KEY_UIApplicationSceneManifest_Generation = YES;
				INFOPLIST_KEY_UIApplicationSupportsIndirectInputEvents = YES;
				INFOPLIST_KEY_UILaunchScreen_Generation = YES;
				INFOPLIST_KEY_UISupportedInterfaceOrientations_iPad = "UIInterfaceOrientationPortrait UIInterfaceOrientationPortraitUpsideDown UIInterfaceOrientationLandscapeLeft UIInterfaceOrientationLandscapeRight";
				INFOPLIST_KEY_UISupportedInterfaceOrientations_iPhone = "UIInterfaceOrientationPortrait UIInterfaceOrientationLandscapeLeft UIInterfaceOrientationLandscapeRight";
				LD_RUNPATH_SEARCH_PATHS = (
					"$(inherited)",
					"@executable_path/Frameworks",
				);
				MARKETING_VERSION = 1.0;
				PRODUCT_BUNDLE_IDENTIFIER = com.udassin.ClientApp;
				PRODUCT_NAME = "$(TARGET_NAME)";
				SWIFT_EMIT_LOC_STRINGS = YES;
				SWIFT_VERSION = 5.0;
				TARGETED_DEVICE_FAMILY = "1,2";
			};
			name = Debug;
		};
		D1B003662C25CE800020A5F0 /* Release */ = {
			isa = XCBuildConfiguration;
			buildSettings = {
				ASSETCATALOG_COMPILER_APPICON_NAME = AppIcon;
				ASSETCATALOG_COMPILER_GLOBAL_ACCENT_COLOR_NAME = AccentColor;
				CODE_SIGN_STYLE = Automatic;
				CURRENT_PROJECT_VERSION = 1;
				DEVELOPMENT_ASSET_PATHS = "\"ClientApp/Preview Content\"";
				DEVELOPMENT_TEAM = 7TRT9VUFUT;
				ENABLE_PREVIEWS = YES;
				GENERATE_INFOPLIST_FILE = YES;
				INFOPLIST_KEY_UIApplicationSceneManifest_Generation = YES;
				INFOPLIST_KEY_UIApplicationSupportsIndirectInputEvents = YES;
				INFOPLIST_KEY_UILaunchScreen_Generation = YES;
				INFOPLIST_KEY_UISupportedInterfaceOrientations_iPad = "UIInterfaceOrientationPortrait UIInterfaceOrientationPortraitUpsideDown UIInterfaceOrientationLandscapeLeft UIInterfaceOrientationLandscapeRight";
				INFOPLIST_KEY_UISupportedInterfaceOrientations_iPhone = "UIInterfaceOrientationPortrait UIInterfaceOrientationLandscapeLeft UIInterfaceOrientationLandscapeRight";
				LD_RUNPATH_SEARCH_PATHS = (
					"$(inherited)",
					"@executable_path/Frameworks",
				);
				MARKETING_VERSION = 1.0;
				PRODUCT_BUNDLE_IDENTIFIER = com.udassin.ClientApp;
				PRODUCT_NAME = "$(TARGET_NAME)";
				SWIFT_EMIT_LOC_STRINGS = YES;
				SWIFT_VERSION = 5.0;
				TARGETED_DEVICE_FAMILY = "1,2";
			};
			name = Release;
		};
		D1B003682C25CE800020A5F0 /* Debug */ = {
			isa = XCBuildConfiguration;
			buildSettings = {
				ALWAYS_EMBED_SWIFT_STANDARD_LIBRARIES = YES;
				BUNDLE_LOADER = "$(TEST_HOST)";
				CODE_SIGN_STYLE = Automatic;
				CURRENT_PROJECT_VERSION = 1;
				DEVELOPMENT_TEAM = 7TRT9VUFUT;
				GENERATE_INFOPLIST_FILE = YES;
				IPHONEOS_DEPLOYMENT_TARGET = 17.0;
				MARKETING_VERSION = 1.0;
				PRODUCT_BUNDLE_IDENTIFIER = com.udassin.ClientAppTests;
				PRODUCT_NAME = "$(TARGET_NAME)";
				SWIFT_EMIT_LOC_STRINGS = NO;
				SWIFT_VERSION = 5.0;
				TARGETED_DEVICE_FAMILY = "1,2";
				TEST_HOST = "$(BUILT_PRODUCTS_DIR)/ClientApp.app/$(BUNDLE_EXECUTABLE_FOLDER_PATH)/ClientApp";
			};
			name = Debug;
		};
		D1B003692C25CE800020A5F0 /* Release */ = {
			isa = XCBuildConfiguration;
			buildSettings = {
				ALWAYS_EMBED_SWIFT_STANDARD_LIBRARIES = YES;
				BUNDLE_LOADER = "$(TEST_HOST)";
				CODE_SIGN_STYLE = Automatic;
				CURRENT_PROJECT_VERSION = 1;
				DEVELOPMENT_TEAM = 7TRT9VUFUT;
				GENERATE_INFOPLIST_FILE = YES;
				IPHONEOS_DEPLOYMENT_TARGET = 17.0;
				MARKETING_VERSION = 1.0;
				PRODUCT_BUNDLE_IDENTIFIER = com.udassin.ClientAppTests;
				PRODUCT_NAME = "$(TARGET_NAME)";
				SWIFT_EMIT_LOC_STRINGS = NO;
				SWIFT_VERSION = 5.0;
				TARGETED_DEVICE_FAMILY = "1,2";
				TEST_HOST = "$(BUILT_PRODUCTS_DIR)/ClientApp.app/$(BUNDLE_EXECUTABLE_FOLDER_PATH)/ClientApp";
			};
			name = Release;
		};
		D1B0036B2C25CE800020A5F0 /* Debug */ = {
			isa = XCBuildConfiguration;
			buildSettings = {
				ALWAYS_EMBED_SWIFT_STANDARD_LIBRARIES = YES;
				CODE_SIGN_STYLE = Automatic;
				CURRENT_PROJECT_VERSION = 1;
				DEVELOPMENT_TEAM = 7TRT9VUFUT;
				GENERATE_INFOPLIST_FILE = YES;
				MARKETING_VERSION = 1.0;
				PRODUCT_BUNDLE_IDENTIFIER = com.udassin.ClientAppUITests;
				PRODUCT_NAME = "$(TARGET_NAME)";
				SWIFT_EMIT_LOC_STRINGS = NO;
				SWIFT_VERSION = 5.0;
				TARGETED_DEVICE_FAMILY = "1,2";
				TEST_TARGET_NAME = ClientApp;
			};
			name = Debug;
		};
		D1B0036C2C25CE800020A5F0 /* Release */ = {
			isa = XCBuildConfiguration;
			buildSettings = {
				ALWAYS_EMBED_SWIFT_STANDARD_LIBRARIES = YES;
				CODE_SIGN_STYLE = Automatic;
				CURRENT_PROJECT_VERSION = 1;
				DEVELOPMENT_TEAM = 7TRT9VUFUT;
				GENERATE_INFOPLIST_FILE = YES;
				MARKETING_VERSION = 1.0;
				PRODUCT_BUNDLE_IDENTIFIER = com.udassin.ClientAppUITests;
				PRODUCT_NAME = "$(TARGET_NAME)";
				SWIFT_EMIT_LOC_STRINGS = NO;
				SWIFT_VERSION = 5.0;
				TARGETED_DEVICE_FAMILY = "1,2";
				TEST_TARGET_NAME = ClientApp;
			};
			name = Release;
		};
/* End XCBuildConfiguration section */

/* Begin XCConfigurationList section */
		D1B0033B2C25CE7F0020A5F0 /* Build configuration list for PBXProject "ClientApp" */ = {
			isa = XCConfigurationList;
			buildConfigurations = (
				D1B003622C25CE800020A5F0 /* Debug */,
				D1B003632C25CE800020A5F0 /* Release */,
			);
			defaultConfigurationIsVisible = 0;
			defaultConfigurationName = Release;
		};
		D1B003642C25CE800020A5F0 /* Build configuration list for PBXNativeTarget "ClientApp" */ = {
			isa = XCConfigurationList;
			buildConfigurations = (
				D1B003652C25CE800020A5F0 /* Debug */,
				D1B003662C25CE800020A5F0 /* Release */,
			);
			defaultConfigurationIsVisible = 0;
			defaultConfigurationName = Release;
		};
		D1B003672C25CE800020A5F0 /* Build configuration list for PBXNativeTarget "ClientAppTests" */ = {
			isa = XCConfigurationList;
			buildConfigurations = (
				D1B003682C25CE800020A5F0 /* Debug */,
				D1B003692C25CE800020A5F0 /* Release */,
			);
			defaultConfigurationIsVisible = 0;
			defaultConfigurationName = Release;
		};
		D1B0036A2C25CE800020A5F0 /* Build configuration list for PBXNativeTarget "ClientAppUITests" */ = {
			isa = XCConfigurationList;
			buildConfigurations = (
				D1B0036B2C25CE800020A5F0 /* Debug */,
				D1B0036C2C25CE800020A5F0 /* Release */,
			);
			defaultConfigurationIsVisible = 0;
			defaultConfigurationName = Release;
		};
/* End XCConfigurationList section */
	};
	rootObject = D1B003382C25CE7F0020A5F0 /* Project object */;
}
